
Microsoft Visual Studio Solution File, Format Version 12.00
# Visual Studio 15
VisualStudioVersion = 15.0.26124.0
MinimumVisualStudioVersion = 15.0.26124.0
Project("{FAE04EC0-301F-11D3-BF4B-00C04F79EFBC}") = "ConsoleFullFramework", "src\ConsoleFullFramework\ConsoleFullFramework.csproj", "{274C9F51-0174-43A7-80D6-B678991653FC}"
EndProject
Project("{9A19103F-16F7-4668-BE54-9A1E7A4F7556}") = "NetStandardLibFluentScheduler", "src\NetStandardLibFluentScheduler\NetStandardLibFluentScheduler.csproj", "{587940A0-4B6B-4593-9E96-3CB8A65B377B}"
EndProject
Project("{9A19103F-16F7-4668-BE54-9A1E7A4F7556}") = "NetStandardLibSerilog", "src\NetStandardLibSerilog\NetStandardLibSerilog.csproj", "{B4D21026-07CB-4284-B3FB-FF4CFA532248}"
EndProject
Global
	GlobalSection(SolutionConfigurationPlatforms) = preSolution
		Debug|Any CPU = Debug|Any CPU
		Debug|x64 = Debug|x64
		Debug|x86 = Debug|x86
		Release|Any CPU = Release|Any CPU
		Release|x64 = Release|x64
		Release|x86 = Release|x86
	EndGlobalSection
	GlobalSection(ProjectConfigurationPlatforms) = postSolution
		{274C9F51-0174-43A7-80D6-B678991653FC}.Debug|Any CPU.ActiveCfg = Debug|Any CPU
		{274C9F51-0174-43A7-80D6-B678991653FC}.Debug|Any CPU.Build.0 = Debug|Any CPU
		{274C9F51-0174-43A7-80D6-B678991653FC}.Debug|x64.ActiveCfg = Debug|Any CPU
		{274C9F51-0174-43A7-80D6-B678991653FC}.Debug|x64.Build.0 = Debug|Any CPU
		{274C9F51-0174-43A7-80D6-B678991653FC}.Debug|x86.ActiveCfg = Debug|Any CPU
		{274C9F51-0174-43A7-80D6-B678991653FC}.Debug|x86.Build.0 = Debug|Any CPU
		{274C9F51-0174-43A7-80D6-B678991653FC}.Release|Any CPU.ActiveCfg = Release|Any CPU
		{274C9F51-0174-43A7-80D6-B678991653FC}.Release|Any CPU.Build.0 = Release|Any CPU
		{274C9F51-0174-43A7-80D6-B678991653FC}.Release|x64.ActiveCfg = Release|Any CPU
		{274C9F51-0174-43A7-80D6-B678991653FC}.Release|x64.Build.0 = Release|Any CPU
		{274C9F51-0174-43A7-80D6-B678991653FC}.Release|x86.ActiveCfg = Release|Any CPU
		{274C9F51-0174-43A7-80D6-B678991653FC}.Release|x86.Build.0 = Release|Any CPU
		{587940A0-4B6B-4593-9E96-3CB8A65B377B}.Debug|Any CPU.ActiveCfg = Debug|Any CPU
		{587940A0-4B6B-4593-9E96-3CB8A65B377B}.Debug|Any CPU.Build.0 = Debug|Any CPU
		{587940A0-4B6B-4593-9E96-3CB8A65B377B}.Debug|x64.ActiveCfg = Debug|Any CPU
		{587940A0-4B6B-4593-9E96-3CB8A65B377B}.Debug|x64.Build.0 = Debug|Any CPU
		{587940A0-4B6B-4593-9E96-3CB8A65B377B}.Debug|x86.ActiveCfg = Debug|Any CPU
		{587940A0-4B6B-4593-9E96-3CB8A65B377B}.Debug|x86.Build.0 = Debug|Any CPU
		{587940A0-4B6B-4593-9E96-3CB8A65B377B}.Release|Any CPU.ActiveCfg = Release|Any CPU
		{587940A0-4B6B-4593-9E96-3CB8A65B377B}.Release|Any CPU.Build.0 = Release|Any CPU
		{587940A0-4B6B-4593-9E96-3CB8A65B377B}.Release|x64.ActiveCfg = Release|Any CPU
		{587940A0-4B6B-4593-9E96-3CB8A65B377B}.Release|x64.Build.0 = Release|Any CPU
		{587940A0-4B6B-4593-9E96-3CB8A65B377B}.Release|x86.ActiveCfg = Release|Any CPU
		{587940A0-4B6B-4593-9E96-3CB8A65B377B}.Release|x86.Build.0 = Release|Any CPU
		{B4D21026-07CB-4284-B3FB-FF4CFA532248}.Debug|Any CPU.ActiveCfg = Debug|Any CPU
		{B4D21026-07CB-4284-B3FB-FF4CFA532248}.Debug|Any CPU.Build.0 = Debug|Any CPU
		{B4D21026-07CB-4284-B3FB-FF4CFA532248}.Debug|x64.ActiveCfg = Debug|Any CPU
		{B4D21026-07CB-4284-B3FB-FF4CFA532248}.Debug|x64.Build.0 = Debug|Any CPU
		{B4D21026-07CB-4284-B3FB-FF4CFA532248}.Debug|x86.ActiveCfg = Debug|Any CPU
		{B4D21026-07CB-4284-B3FB-FF4CFA532248}.Debug|x86.Build.0 = Debug|Any CPU
		{B4D21026-07CB-4284-B3FB-FF4CFA532248}.Release|Any CPU.ActiveCfg = Release|Any CPU
		{B4D21026-07CB-4284-B3FB-FF4CFA532248}.Release|Any CPU.Build.0 = Release|Any CPU
		{B4D21026-07CB-4284-B3FB-FF4CFA532248}.Release|x64.ActiveCfg = Release|Any CPU
		{B4D21026-07CB-4284-B3FB-FF4CFA532248}.Release|x64.Build.0 = Release|Any CPU
		{B4D21026-07CB-4284-B3FB-FF4CFA532248}.Release|x86.ActiveCfg = Release|Any CPU
		{B4D21026-07CB-4284-B3FB-FF4CFA532248}.Release|x86.Build.0 = Release|Any CPU
	EndGlobalSection
	GlobalSection(SolutionProperties) = preSolution
		HideSolutionNode = FALSE
	EndGlobalSection
	GlobalSection(ExtensibilityGlobals) = postSolution
		SolutionGuid = {516A2DDE-6C41-40DD-A6E6-3DF5BE4A6111}
	EndGlobalSection
EndGlobal
